
Microsoft Visual Studio Solution File, Format Version 12.00
# Visual Studio Version 17
VisualStudioVersion = 17.13.35825.156
MinimumVisualStudioVersion = 10.0.40219.1
Project("{FAE04EC0-301F-11D3-BF4B-00C04F79EFBC}") = "StorageManage", "StorageManage\StorageManage.csproj", "{0323073A-8AD1-4554-B0F5-835A95628EB1}"
EndProject
Global
	GlobalSection(SolutionConfigurationPlatforms) = preSolution
		Debug|Any CPU = Debug|Any CPU
		Release|Any CPU = Release|Any CPU
	EndGlobalSection
	GlobalSection(ProjectConfigurationPlatforms) = postSolution
		{0323073A-8AD1-4554-B0F5-835A95628EB1}.Debug|Any CPU.ActiveCfg = Debug|Any CPU
		{0323073A-8AD1-4554-B0F5-835A95628EB1}.Debug|Any CPU.Build.0 = Debug|Any CPU
		{0323073A-8AD1-4554-B0F5-835A95628EB1}.Release|Any CPU.ActiveCfg = Release|Any CPU
		{0323073A-8AD1-4554-B0F5-835A95628EB1}.Release|Any CPU.Build.0 = Release|Any CPU
	EndGlobalSection
	GlobalSection(SolutionProperties) = preSolution
		HideSolutionNode = FALSE
	EndGlobalSection
	GlobalSection(ExtensibilityGlobals) = postSolution
		SolutionGuid = {0250D5A7-48EC-4861-86DB-C2AF04DB8D78}
	EndGlobalSection
EndGlobal
